// !$*UTF8*$!
{
	archiveVersion = 1;
	classes = {
	};
	objectVersion = 46;
	objects = {

/* Begin PBXBuildFile section */
		FCCE51EB1CBD750E00735124 /* AppDelegate.swift in Sources */ = {isa = PBXBuildFile; fileRef = FCCE51EA1CBD750E00735124 /* AppDelegate.swift */; };
		FCCE51EE1CBD750E00735124 /* StretchHeader.xcdatamodeld in Sources */ = {isa = PBXBuildFile; fileRef = FCCE51EC1CBD750E00735124 /* StretchHeader.xcdatamodeld */; };
		FCCE51F01CBD750E00735124 /* MasterViewController.swift in Sources */ = {isa = PBXBuildFile; fileRef = FCCE51EF1CBD750E00735124 /* MasterViewController.swift */; };
		FCCE51F21CBD750E00735124 /* DetailViewController.swift in Sources */ = {isa = PBXBuildFile; fileRef = FCCE51F11CBD750E00735124 /* DetailViewController.swift */; };
		FCCE51F51CBD750E00735124 /* Main.storyboard in Resources */ = {isa = PBXBuildFile; fileRef = FCCE51F31CBD750E00735124 /* Main.storyboard */; };
		FCCE51F71CBD750E00735124 /* Assets.xcassets in Resources */ = {isa = PBXBuildFile; fileRef = FCCE51F61CBD750E00735124 /* Assets.xcassets */; };
		FCCE51FA1CBD750E00735124 /* LaunchScreen.storyboard in Resources */ = {isa = PBXBuildFile; fileRef = FCCE51F81CBD750E00735124 /* LaunchScreen.storyboard */; };
/* End PBXBuildFile section */

/* Begin PBXFileReference section */
		FCCE51E71CBD750E00735124 /* StretchHeader.app */ = {isa = PBXFileReference; explicitFileType = wrapper.application; includeInIndex = 0; path = StretchHeader.app; sourceTree = BUILT_PRODUCTS_DIR; };
		FCCE51EA1CBD750E00735124 /* AppDelegate.swift */ = {isa = PBXFileReference; lastKnownFileType = sourcecode.swift; path = AppDelegate.swift; sourceTree = "<group>"; };
		FCCE51ED1CBD750E00735124 /* StretchHeader.xcdatamodel */ = {isa = PBXFileReference; lastKnownFileType = wrapper.xcdatamodel; path = StretchHeader.xcdatamodel; sourceTree = "<group>"; };
		FCCE51EF1CBD750E00735124 /* MasterViewController.swift */ = {isa = PBXFileReference; lastKnownFileType = sourcecode.swift; path = MasterViewController.swift; sourceTree = "<group>"; };
		FCCE51F11CBD750E00735124 /* DetailViewController.swift */ = {isa = PBXFileReference; lastKnownFileType = sourcecode.swift; path = DetailViewController.swift; sourceTree = "<group>"; };
		FCCE51F41CBD750E00735124 /* Base */ = {isa = PBXFileReference; lastKnownFileType = file.storyboard; name = Base; path = Base.lproj/Main.storyboard; sourceTree = "<group>"; };
		FCCE51F61CBD750E00735124 /* Assets.xcassets */ = {isa = PBXFileReference; lastKnownFileType = folder.assetcatalog; path = Assets.xcassets; sourceTree = "<group>"; };
		FCCE51F91CBD750E00735124 /* Base */ = {isa = PBXFileReference; lastKnownFileType = file.storyboard; name = Base; path = Base.lproj/LaunchScreen.storyboard; sourceTree = "<group>"; };
		FCCE51FB1CBD750E00735124 /* Info.plist */ = {isa = PBXFileReference; lastKnownFileType = text.plist.xml; path = Info.plist; sourceTree = "<group>"; };
/* End PBXFileReference section */

/* Begin PBXFrameworksBuildPhase section */
		FCCE51E41CBD750E00735124 /* Frameworks */ = {
			isa = PBXFrameworksBuildPhase;
			buildActionMask = 2147483647;
			files = (
			);
			runOnlyForDeploymentPostprocessing = 0;
		};
/* End PBXFrameworksBuildPhase section */

/* Begin PBXGroup section */
		FCCE51DE1CBD750E00735124 = {
			isa = PBXGroup;
			children = (
				FCCE51E91CBD750E00735124 /* StretchHeader */,
				FCCE51E81CBD750E00735124 /* Products */,
			);
			sourceTree = "<group>";
		};
		FCCE51E81CBD750E00735124 /* Products */ = {
			isa = PBXGroup;
			children = (
				FCCE51E71CBD750E00735124 /* StretchHeader.app */,
			);
			name = Products;
			sourceTree = "<group>";
		};
		FCCE51E91CBD750E00735124 /* StretchHeader */ = {
			isa = PBXGroup;
			children = (
				FCCE51EA1CBD750E00735124 /* AppDelegate.swift */,
				FCCE51EF1CBD750E00735124 /* MasterViewController.swift */,
				FCCE51F11CBD750E00735124 /* DetailViewController.swift */,
				FCCE51F31CBD750E00735124 /* Main.storyboard */,
				FCCE51F61CBD750E00735124 /* Assets.xcassets */,
				FCCE51F81CBD750E00735124 /* LaunchScreen.storyboard */,
				FCCE51FB1CBD750E00735124 /* Info.plist */,
				FCCE51EC1CBD750E00735124 /* StretchHeader.xcdatamodeld */,
			);
			path = StretchHeader;
			sourceTree = "<group>";
		};
/* End PBXGroup section */

/* Begin PBXNativeTarget section */
		FCCE51E61CBD750E00735124 /* StretchHeader */ = {
			isa = PBXNativeTarget;
			buildConfigurationList = FCCE51FE1CBD750E00735124 /* Build configuration list for PBXNativeTarget "StretchHeader" */;
			buildPhases = (
				FCCE51E31CBD750E00735124 /* Sources */,
				FCCE51E41CBD750E00735124 /* Frameworks */,
				FCCE51E51CBD750E00735124 /* Resources */,
			);
			buildRules = (
			);
			dependencies = (
			);
			name = StretchHeader;
			productName = StretchHeader;
			productReference = FCCE51E71CBD750E00735124 /* StretchHeader.app */;
			productType = "com.apple.product-type.application";
		};
/* End PBXNativeTarget section */

/* Begin PBXProject section */
		FCCE51DF1CBD750E00735124 /* Project object */ = {
			isa = PBXProject;
			attributes = {
				LastSwiftUpdateCheck = 0730;
				LastUpgradeCheck = 0730;
				ORGANIZATIONNAME = "Thomas Friesman";
				TargetAttributes = {
					FCCE51E61CBD750E00735124 = {
						CreatedOnToolsVersion = 7.3;
						DevelopmentTeam = 886ADMR9E3;
					};
				};
			};
			buildConfigurationList = FCCE51E21CBD750E00735124 /* Build configuration list for PBXProject "StretchHeader" */;
			compatibilityVersion = "Xcode 3.2";
			developmentRegion = English;
			hasScannedForEncodings = 0;
			knownRegions = (
				en,
				Base,
			);
			mainGroup = FCCE51DE1CBD750E00735124;
			productRefGroup = FCCE51E81CBD750E00735124 /* Products */;
			projectDirPath = "";
			projectRoot = "";
			targets = (
				FCCE51E61CBD750E00735124 /* StretchHeader */,
			);
		};
/* End PBXProject section */

/* Begin PBXResourcesBuildPhase section */
		FCCE51E51CBD750E00735124 /* Resources */ = {
			isa = PBXResourcesBuildPhase;
			buildActionMask = 2147483647;
			files = (
				FCCE51FA1CBD750E00735124 /* LaunchScreen.storyboard in Resources */,
				FCCE51F71CBD750E00735124 /* Assets.xcassets in Resources */,
				FCCE51F51CBD750E00735124 /* Main.storyboard in Resources */,
			);
			runOnlyForDeploymentPostprocessing = 0;
		};
/* End PBXResourcesBuildPhase section */

/* Begin PBXSourcesBuildPhase section */
		FCCE51E31CBD750E00735124 /* Sources */ = {
			isa = PBXSourcesBuildPhase;
			buildActionMask = 2147483647;
			files = (
				FCCE51EE1CBD750E00735124 /* StretchHeader.xcdatamodeld in Sources */,
				FCCE51EB1CBD750E00735124 /* AppDelegate.swift in Sources */,
				FCCE51F01CBD750E00735124 /* MasterViewController.swift in Sources */,
				FCCE51F21CBD750E00735124 /* DetailViewController.swift in Sources */,
			);
			runOnlyForDeploymentPostprocessing = 0;
		};
/* End PBXSourcesBuildPhase section */

/* Begin PBXVariantGroup section */
		FCCE51F31CBD750E00735124 /* Main.storyboard */ = {
			isa = PBXVariantGroup;
			children = (
				FCCE51F41CBD750E00735124 /* Base */,
			);
			name = Main.storyboard;
			sourceTree = "<group>";
		};
		FCCE51F81CBD750E00735124 /* LaunchScreen.storyboard */ = {
			isa = PBXVariantGroup;
			children = (
				FCCE51F91CBD750E00735124 /* Base */,
			);
			name = LaunchScreen.storyboard;
			sourceTree = "<group>";
		};
/* End PBXVariantGroup section */

/* Begin XCBuildConfiguration section */
		FCCE51FC1CBD750E00735124 /* Debug */ = {
			isa = XCBuildConfiguration;
			buildSettings = {
				ALWAYS_SEARCH_USER_PATHS = NO;
				CLANG_ANALYZER_NONNULL = YES;
				CLANG_CXX_LANGUAGE_STANDARD = "gnu++0x";
				CLANG_CXX_LIBRARY = "libc++";
				CLANG_ENABLE_MODULES = YES;
				CLANG_ENABLE_OBJC_ARC = YES;
				CLANG_WARN_BOOL_CONVERSION = YES;
				CLANG_WARN_CONSTANT_CONVERSION = YES;
				CLANG_WARN_DIRECT_OBJC_ISA_USAGE = YES_ERROR;
				CLANG_WARN_EMPTY_BODY = YES;
				CLANG_WARN_ENUM_CONVERSION = YES;
				CLANG_WARN_INT_CONVERSION = YES;
				CLANG_WARN_OBJC_ROOT_CLASS = YES_ERROR;
				CLANG_WARN_UNREACHABLE_CODE = YES;
				CLANG_WARN__DUPLICATE_METHOD_MATCH = YES;
				"CODE_SIGN_IDENTITY[sdk=iphoneos*]" = "iPhone Developer";
				COPY_PHASE_STRIP = NO;
				DEBUG_INFORMATION_FORMAT = dwarf;
				ENABLE_STRICT_OBJC_MSGSEND = YES;
				ENABLE_TESTABILITY = YES;
				GCC_C_LANGUAGE_STANDARD = gnu99;
				GCC_DYNAMIC_NO_PIC = NO;
				GCC_NO_COMMON_BLOCKS = YES;
				GCC_OPTIMIZATION_LEVEL = 0;
				GCC_PREPROCESSOR_DEFINITIONS = (
					"DEBUG=1",
					"$(inherited)",
				);
				GCC_WARN_64_TO_32_BIT_CONVERSION = YES;
				GCC_WARN_ABOUT_RETURN_TYPE = YES_ERROR;
				GCC_WARN_UNDECLARED_SELECTOR = YES;
				GCC_WARN_UNINITIALIZED_AUTOS = YES_AGGRESSIVE;
				GCC_WARN_UNUSED_FUNCTION = YES;
				GCC_WARN_UNUSED_VARIABLE = YES;
				IPHONEOS_DEPLOYMENT_TARGET = 9.3;
				MTL_ENABLE_DEBUG_INFO = YES;
				ONLY_ACTIVE_ARCH = YES;
				SDKROOT = iphoneos;
				SWIFT_OPTIMIZATION_LEVEL = "-Onone";
			};
			name = Debug;
		};
		FCCE51FD1CBD750E00735124 /* Release */ = {
			isa = XCBuildConfiguration;
			buildSettings = {
				ALWAYS_SEARCH_USER_PATHS = NO;
				CLANG_ANALYZER_NONNULL = YES;
				CLANG_CXX_LANGUAGE_STANDARD = "gnu++0x";
				CLANG_CXX_LIBRARY = "libc++";
				CLANG_ENABLE_MODULES = YES;
				CLANG_ENABLE_OBJC_ARC = YES;
				CLANG_WARN_BOOL_CONVERSION = YES;
				CLANG_WARN_CONSTANT_CONVERSION = YES;
				CLANG_WARN_DIRECT_OBJC_ISA_USAGE = YES_ERROR;
				CLANG_WARN_EMPTY_BODY = YES;
				CLANG_WARN_ENUM_CONVERSION = YES;
				CLANG_WARN_INT_CONVERSION = YES;
				CLANG_WARN_OBJC_ROOT_CLASS = YES_ERROR;
				CLANG_WARN_UNREACHABLE_CODE = YES;
				CLANG_WARN__DUPLICATE_METHOD_MATCH = YES;
				"CODE_SIGN_IDENTITY[sdk=iphoneos*]" = "iPhone Developer";
				COPY_PHASE_STRIP = NO;
				DEBUG_INFORMATION_FORMAT = "dwarf-with-dsym";
				ENABLE_NS_ASSERTIONS = NO;
				ENABLE_STRICT_OBJC_MSGSEND = YES;
				GCC_C_LANGUAGE_STANDARD = gnu99;
				GCC_NO_COMMON_BLOCKS = YES;
				GCC_WARN_64_TO_32_BIT_CONVERSION = YES;
				GCC_WARN_ABOUT_RETURN_TYPE = YES_ERROR;
				GCC_WARN_UNDECLARED_SELECTOR = YES;
				GCC_WARN_UNINITIALIZED_AUTOS = YES_AGGRESSIVE;
				GCC_WARN_UNUSED_FUNCTION = YES;
				GCC_WARN_UNUSED_VARIABLE = YES;
				IPHONEOS_DEPLOYMENT_TARGET = 9.3;
				MTL_ENABLE_DEBUG_INFO = NO;
				SDKROOT = iphoneos;
				VALIDATE_PRODUCT = YES;
			};
			name = Release;
		};
		FCCE51FF1CBD750E00735124 /* Debug */ = {
			isa = XCBuildConfiguration;
			buildSettings = {
				ASSETCATALOG_COMPILER_APPICON_NAME = AppIcon;
				INFOPLIST_FILE = StretchHeader/Info.plist;
				LD_RUNPATH_SEARCH_PATHS = "$(inherited) @executable_path/Frameworks";
				PRODUCT_BUNDLE_IDENTIFIER = "LHL-assignment.StretchHeader";
				PRODUCT_NAME = "$(TARGET_NAME)";
			};
			name = Debug;
		};
		FCCE52001CBD750E00735124 /* Release */ = {
			isa = XCBuildConfiguration;
			buildSettings = {
				ASSETCATALOG_COMPILER_APPICON_NAME = AppIcon;
				INFOPLIST_FILE = StretchHeader/Info.plist;
				LD_RUNPATH_SEARCH_PATHS = "$(inherited) @executable_path/Frameworks";
				PRODUCT_BUNDLE_IDENTIFIER = "LHL-assignment.StretchHeader";
				PRODUCT_NAME = "$(TARGET_NAME)";
			};
			name = Release;
		};
/* End XCBuildConfiguration section */

/* Begin XCConfigurationList section */
		FCCE51E21CBD750E00735124 /* Build configuration list for PBXProject "StretchHeader" */ = {
			isa = XCConfigurationList;
			buildConfigurations = (
				FCCE51FC1CBD750E00735124 /* Debug */,
				FCCE51FD1CBD750E00735124 /* Release */,
			);
			defaultConfigurationIsVisible = 0;
			defaultConfigurationName = Release;
		};
		FCCE51FE1CBD750E00735124 /* Build configuration list for PBXNativeTarget "StretchHeader" */ = {
			isa = XCConfigurationList;
			buildConfigurations = (
				FCCE51FF1CBD750E00735124 /* Debug */,
				FCCE52001CBD750E00735124 /* Release */,
			);
			defaultConfigurationIsVisible = 0;
		};
/* End XCConfigurationList section */

/* Begin XCVersionGroup section */
		FCCE51EC1CBD750E00735124 /* StretchHeader.xcdatamodeld */ = {
			isa = XCVersionGroup;
			children = (
				FCCE51ED1CBD750E00735124 /* StretchHeader.xcdatamodel */,
			);
			currentVersion = FCCE51ED1CBD750E00735124 /* StretchHeader.xcdatamodel */;
			path = StretchHeader.xcdatamodeld;
			sourceTree = "<group>";
			versionGroupType = wrapper.xcdatamodel;
		};
/* End XCVersionGroup section */
	};
	rootObject = FCCE51DF1CBD750E00735124 /* Project object */;
}
